
Microsoft Visual Studio Solution File, Format Version 12.00
# Visual Studio Version 17
VisualStudioVersion = 17.7.34031.279
MinimumVisualStudioVersion = 10.0.40219.1
Project("{FAE04EC0-301F-11D3-BF4B-00C04F79EFBC}") = "PaySpace.API", "PaySpace.API\PaySpace.API.csproj", "{3DF65666-7990-4C7A-91E3-72A136F77DC9}"
EndProject
Project("{FAE04EC0-301F-11D3-BF4B-00C04F79EFBC}") = "PaySpace.Extension", "PaySpace.Extension\PaySpace.Extension.csproj", "{E2F85B50-26C7-4350-93E2-0679434D7D1B}"
EndProject
Project("{FAE04EC0-301F-11D3-BF4B-00C04F79EFBC}") = "PaySpace.Service", "PaySpace.Service\PaySpace.Service.csproj", "{9BEAFE3F-6707-4790-87F9-2B6BCE0B6EB4}"
EndProject
Project("{FAE04EC0-301F-11D3-BF4B-00C04F79EFBC}") = "PaySpace.Model", "PaySpace.Model\PaySpace.Model.csproj", "{22664CE4-D347-43F5-8474-30A18E3D33CF}"
EndProject
Project("{FAE04EC0-301F-11D3-BF4B-00C04F79EFBC}") = "PaySpace.Test", "PaySpace.Test\PaySpace.Test.csproj", "{ECD93CCF-B9A1-44A6-946F-06A68F116A22}"
EndProject
Project("{FAE04EC0-301F-11D3-BF4B-00C04F79EFBC}") = "PaySpace.Common", "PaySpace.Common\PaySpace.Common.csproj", "{9E8277B8-32F7-4182-BF3B-1CE88F3B35D9}"
EndProject
Project("{FAE04EC0-301F-11D3-BF4B-00C04F79EFBC}") = "PaySpace.Data", "PaySpace.Data\PaySpace.Data.csproj", "{64539362-42EA-4DF5-92FB-CBE55991B394}"
EndProject
Global
	GlobalSection(SolutionConfigurationPlatforms) = preSolution
		Debug|Any CPU = Debug|Any CPU
		Release|Any CPU = Release|Any CPU
	EndGlobalSection
	GlobalSection(ProjectConfigurationPlatforms) = postSolution
		{3DF65666-7990-4C7A-91E3-72A136F77DC9}.Debug|Any CPU.ActiveCfg = Debug|Any CPU
		{3DF65666-7990-4C7A-91E3-72A136F77DC9}.Debug|Any CPU.Build.0 = Debug|Any CPU
		{3DF65666-7990-4C7A-91E3-72A136F77DC9}.Release|Any CPU.ActiveCfg = Release|Any CPU
		{3DF65666-7990-4C7A-91E3-72A136F77DC9}.Release|Any CPU.Build.0 = Release|Any CPU
		{E2F85B50-26C7-4350-93E2-0679434D7D1B}.Debug|Any CPU.ActiveCfg = Debug|Any CPU
		{E2F85B50-26C7-4350-93E2-0679434D7D1B}.Debug|Any CPU.Build.0 = Debug|Any CPU
		{E2F85B50-26C7-4350-93E2-0679434D7D1B}.Release|Any CPU.ActiveCfg = Release|Any CPU
		{E2F85B50-26C7-4350-93E2-0679434D7D1B}.Release|Any CPU.Build.0 = Release|Any CPU
		{9BEAFE3F-6707-4790-87F9-2B6BCE0B6EB4}.Debug|Any CPU.ActiveCfg = Debug|Any CPU
		{9BEAFE3F-6707-4790-87F9-2B6BCE0B6EB4}.Debug|Any CPU.Build.0 = Debug|Any CPU
		{9BEAFE3F-6707-4790-87F9-2B6BCE0B6EB4}.Release|Any CPU.ActiveCfg = Release|Any CPU
		{9BEAFE3F-6707-4790-87F9-2B6BCE0B6EB4}.Release|Any CPU.Build.0 = Release|Any CPU
		{22664CE4-D347-43F5-8474-30A18E3D33CF}.Debug|Any CPU.ActiveCfg = Debug|Any CPU
		{22664CE4-D347-43F5-8474-30A18E3D33CF}.Debug|Any CPU.Build.0 = Debug|Any CPU
		{22664CE4-D347-43F5-8474-30A18E3D33CF}.Release|Any CPU.ActiveCfg = Release|Any CPU
		{22664CE4-D347-43F5-8474-30A18E3D33CF}.Release|Any CPU.Build.0 = Release|Any CPU
		{ECD93CCF-B9A1-44A6-946F-06A68F116A22}.Debug|Any CPU.ActiveCfg = Debug|Any CPU
		{ECD93CCF-B9A1-44A6-946F-06A68F116A22}.Debug|Any CPU.Build.0 = Debug|Any CPU
		{ECD93CCF-B9A1-44A6-946F-06A68F116A22}.Release|Any CPU.ActiveCfg = Release|Any CPU
		{ECD93CCF-B9A1-44A6-946F-06A68F116A22}.Release|Any CPU.Build.0 = Release|Any CPU
		{9E8277B8-32F7-4182-BF3B-1CE88F3B35D9}.Debug|Any CPU.ActiveCfg = Debug|Any CPU
		{9E8277B8-32F7-4182-BF3B-1CE88F3B35D9}.Debug|Any CPU.Build.0 = Debug|Any CPU
		{9E8277B8-32F7-4182-BF3B-1CE88F3B35D9}.Release|Any CPU.ActiveCfg = Release|Any CPU
		{9E8277B8-32F7-4182-BF3B-1CE88F3B35D9}.Release|Any CPU.Build.0 = Release|Any CPU
		{64539362-42EA-4DF5-92FB-CBE55991B394}.Debug|Any CPU.ActiveCfg = Debug|Any CPU
		{64539362-42EA-4DF5-92FB-CBE55991B394}.Debug|Any CPU.Build.0 = Debug|Any CPU
		{64539362-42EA-4DF5-92FB-CBE55991B394}.Release|Any CPU.ActiveCfg = Release|Any CPU
		{64539362-42EA-4DF5-92FB-CBE55991B394}.Release|Any CPU.Build.0 = Release|Any CPU
	EndGlobalSection
	GlobalSection(SolutionProperties) = preSolution
		HideSolutionNode = FALSE
	EndGlobalSection
	GlobalSection(ExtensibilityGlobals) = postSolution
		SolutionGuid = {6D208FB5-B9B9-41B8-8B94-62E809E03493}
	EndGlobalSection
EndGlobal
